
Microsoft Visual Studio Solution File, Format Version 12.00
# Visual Studio Version 17
VisualStudioVersion = 17.8.34330.188
MinimumVisualStudioVersion = 10.0.40219.1
Project("{9A19103F-16F7-4668-BE54-9A1E7A4F7556}") = "ParkRoutePlanner", "ParkRoutePlanner\ParkRoutePlanner.csproj", "{2B559C67-536E-4E1E-A4A8-E99C8B1D4246}"
EndProject
Project("{FAE04EC0-301F-11D3-BF4B-00C04F79EFBC}") = "ParkRoutePlanner.Data", "ParkRoutePlanner.Data\ParkRoutePlanner.Data.csproj", "{4A7E0ECB-72AF-46EA-A5AF-52CD87B3DB29}"
EndProject
Global
	GlobalSection(SolutionConfigurationPlatforms) = preSolution
		Debug|Any CPU = Debug|Any CPU
		Release|Any CPU = Release|Any CPU
	EndGlobalSection
	GlobalSection(ProjectConfigurationPlatforms) = postSolution
		{2B559C67-536E-4E1E-A4A8-E99C8B1D4246}.Debug|Any CPU.ActiveCfg = Debug|Any CPU
		{2B559C67-536E-4E1E-A4A8-E99C8B1D4246}.Debug|Any CPU.Build.0 = Debug|Any CPU
		{2B559C67-536E-4E1E-A4A8-E99C8B1D4246}.Release|Any CPU.ActiveCfg = Release|Any CPU
		{2B559C67-536E-4E1E-A4A8-E99C8B1D4246}.Release|Any CPU.Build.0 = Release|Any CPU
		{4A7E0ECB-72AF-46EA-A5AF-52CD87B3DB29}.Debug|Any CPU.ActiveCfg = Debug|Any CPU
		{4A7E0ECB-72AF-46EA-A5AF-52CD87B3DB29}.Debug|Any CPU.Build.0 = Debug|Any CPU
		{4A7E0ECB-72AF-46EA-A5AF-52CD87B3DB29}.Release|Any CPU.ActiveCfg = Release|Any CPU
		{4A7E0ECB-72AF-46EA-A5AF-52CD87B3DB29}.Release|Any CPU.Build.0 = Release|Any CPU
	EndGlobalSection
	GlobalSection(SolutionProperties) = preSolution
		HideSolutionNode = FALSE
	EndGlobalSection
	GlobalSection(ExtensibilityGlobals) = postSolution
		SolutionGuid = {A978149D-7E7A-4E2D-BD74-D23DD6C83DA3}
	EndGlobalSection
EndGlobal
